
Microsoft Visual Studio Solution File, Format Version 12.00
# Visual Studio Version 16
VisualStudioVersion = 16.0.30114.105
MinimumVisualStudioVersion = 10.0.40219.1
Project("{FAE04EC0-301F-11D3-BF4B-00C04F79EFBC}") = "demo-email-tool", "demo-email-tool\demo-email-tool.csproj", "{9C0B77F8-A6F8-4FF4-BEDA-4E6D8AF99BD5}"
EndProject
Global
	GlobalSection(SolutionConfigurationPlatforms) = preSolution
		Debug|Any CPU = Debug|Any CPU
		Release|Any CPU = Release|Any CPU
	EndGlobalSection
	GlobalSection(ProjectConfigurationPlatforms) = postSolution
		{9C0B77F8-A6F8-4FF4-BEDA-4E6D8AF99BD5}.Debug|Any CPU.ActiveCfg = Debug|Any CPU
		{9C0B77F8-A6F8-4FF4-BEDA-4E6D8AF99BD5}.Debug|Any CPU.Build.0 = Debug|Any CPU
		{9C0B77F8-A6F8-4FF4-BEDA-4E6D8AF99BD5}.Release|Any CPU.ActiveCfg = Release|Any CPU
		{9C0B77F8-A6F8-4FF4-BEDA-4E6D8AF99BD5}.Release|Any CPU.Build.0 = Release|Any CPU
	EndGlobalSection
	GlobalSection(SolutionProperties) = preSolution
		HideSolutionNode = FALSE
	EndGlobalSection
	GlobalSection(ExtensibilityGlobals) = postSolution
		SolutionGuid = {7918BC69-64FE-49E7-8926-AFB7A9E539F8}
	EndGlobalSection
EndGlobal
